
Microsoft Visual Studio Solution File, Format Version 12.00
# Visual Studio Version 16
VisualStudioVersion = 16.0.29926.136
MinimumVisualStudioVersion = 10.0.40219.1
Project("{FAE04EC0-301F-11D3-BF4B-00C04F79EFBC}") = "GigCloud", "GigCloud\GigCloud.csproj", "{1E546F15-C375-4D0A-A34C-0070A303AA2E}"
EndProject
Project("{FAE04EC0-301F-11D3-BF4B-00C04F79EFBC}") = "GigCloud.Tests", "GigCloud.Tests\GigCloud.Tests.csproj", "{07FEF644-5A87-469D-8277-D85FCFD61AC6}"
EndProject
Global
	GlobalSection(SolutionConfigurationPlatforms) = preSolution
		Debug|Any CPU = Debug|Any CPU
		Release|Any CPU = Release|Any CPU
	EndGlobalSection
	GlobalSection(ProjectConfigurationPlatforms) = postSolution
		{1E546F15-C375-4D0A-A34C-0070A303AA2E}.Debug|Any CPU.ActiveCfg = Debug|Any CPU
		{1E546F15-C375-4D0A-A34C-0070A303AA2E}.Debug|Any CPU.Build.0 = Debug|Any CPU
		{1E546F15-C375-4D0A-A34C-0070A303AA2E}.Release|Any CPU.ActiveCfg = Release|Any CPU
		{1E546F15-C375-4D0A-A34C-0070A303AA2E}.Release|Any CPU.Build.0 = Release|Any CPU
		{07FEF644-5A87-469D-8277-D85FCFD61AC6}.Debug|Any CPU.ActiveCfg = Debug|Any CPU
		{07FEF644-5A87-469D-8277-D85FCFD61AC6}.Debug|Any CPU.Build.0 = Debug|Any CPU
		{07FEF644-5A87-469D-8277-D85FCFD61AC6}.Release|Any CPU.ActiveCfg = Release|Any CPU
		{07FEF644-5A87-469D-8277-D85FCFD61AC6}.Release|Any CPU.Build.0 = Release|Any CPU
	EndGlobalSection
	GlobalSection(SolutionProperties) = preSolution
		HideSolutionNode = FALSE
	EndGlobalSection
	GlobalSection(ExtensibilityGlobals) = postSolution
		LessCompiler = 1e546f15-c375-4d0a-a34c-0070a303aa2e
		SolutionGuid = {34D200F8-A3E0-40A4-9620-7A89D65E26D8}
	EndGlobalSection
EndGlobal
